
Microsoft Visual Studio Solution File, Format Version 12.00
# Visual Studio Version 16
VisualStudioVersion = 16.0.30104.148
MinimumVisualStudioVersion = 10.0.40219.1
Project("{9A19103F-16F7-4668-BE54-9A1E7A4F7556}") = "DesignPattern", "DesignPattern\DesignPattern.csproj", "{672602F3-A0D0-40DA-AB60-3EF8D90D471D}"
EndProject
Project("{9A19103F-16F7-4668-BE54-9A1E7A4F7556}") = "MultiThreading", "MultiThreading\MultiThreading.csproj", "{8709FA3C-D37F-4145-8D8A-489174759CC8}"
EndProject
Project("{2150E333-8FDC-42A3-9474-1A3956D46DE8}") = "DP", "DP", "{320A5B70-0670-4CE3-9E15-3151C24D0D90}"
EndProject
Project("{2150E333-8FDC-42A3-9474-1A3956D46DE8}") = "Threading", "Threading", "{77D2D526-6E24-4A4D-AF3F-5A9C80967293}"
EndProject
Project("{9A19103F-16F7-4668-BE54-9A1E7A4F7556}") = "Threading.Core", "Threading.Core\Threading.Core.csproj", "{9285F19D-DB41-4D5E-B9B8-1364F4B65BF0}"
EndProject
Project("{2150E333-8FDC-42A3-9474-1A3956D46DE8}") = "LeetCode", "LeetCode", "{F161296C-C593-4C1F-B72A-51EDDEA80BCF}"
EndProject
Project("{9A19103F-16F7-4668-BE54-9A1E7A4F7556}") = "LeetCodeConsole", "LeetCodeConsole\LeetCodeConsole.csproj", "{5C62380A-37DF-426F-ABCC-F559656CE4C4}"
EndProject
Project("{9A19103F-16F7-4668-BE54-9A1E7A4F7556}") = "LeetCode.Service", "LeetCode.Service\LeetCode.Service.csproj", "{C58BE2A6-244C-4FA2-9850-12B13DCD9D4A}"
EndProject
Project("{2150E333-8FDC-42A3-9474-1A3956D46DE8}") = "CSharp", "CSharp", "{E63504BE-8CA0-4145-8684-33352683C2D9}"
EndProject
Project("{9A19103F-16F7-4668-BE54-9A1E7A4F7556}") = "Events", "Lib1\Events.csproj", "{39A850D5-DDAC-4E7B-BE80-2374711BF3BB}"
EndProject
Project("{9A19103F-16F7-4668-BE54-9A1E7A4F7556}") = "MainConsole", "MainConsole\MainConsole.csproj", "{C8730357-D23A-4B95-9699-B76CF9A776D6}"
EndProject
Project("{2150E333-8FDC-42A3-9474-1A3956D46DE8}") = "API", "API", "{5F87DD4D-3AA3-4AB4-A0F6-89610D48BCAA}"
EndProject
Project("{2150E333-8FDC-42A3-9474-1A3956D46DE8}") = "WebApp", "WebApp", "{04F560D3-1C82-451C-B923-CDC8A7A4C4E7}"
EndProject
Project("{2150E333-8FDC-42A3-9474-1A3956D46DE8}") = "Messaging", "Messaging", "{70BA9C34-7E8C-441C-9B90-2089D4E87541}"
EndProject
Project("{2150E333-8FDC-42A3-9474-1A3956D46DE8}") = "cpp", "cpp", "{BB34D7C2-6A6B-406A-8446-EF3A0B1B4065}"
EndProject
Project("{2150E333-8FDC-42A3-9474-1A3956D46DE8}") = "Agent", "Agent", "{9886F3D4-3D52-4234-AA48-6C3DE2C81B60}"
EndProject
Project("{8BC9CEB8-8B4A-11D0-8D11-00A0C91BC942}") = "cppMainConsole", "cppMainConsole\cppMainConsole.vcxproj", "{DDCB82E3-79FE-4C2D-89B1-708C1D5229B9}"
EndProject
Project("{2150E333-8FDC-42A3-9474-1A3956D46DE8}") = "Other", "Other", "{8FE794BA-AF14-4059-B3E5-9E320C1C625E}"
EndProject
Project("{9A19103F-16F7-4668-BE54-9A1E7A4F7556}") = "DataStructure", "DataStructure\DataStructure.csproj", "{B44942D4-8180-4502-8B89-1416C25F131B}"
EndProject
Project("{9A19103F-16F7-4668-BE54-9A1E7A4F7556}") = "NotificationAgent", "NotificationAgent\NotificationAgent.csproj", "{079EBFB0-9224-46A0-B106-41C73B13103F}"
EndProject
Project("{9A19103F-16F7-4668-BE54-9A1E7A4F7556}") = "Services", "Services\Services.csproj", "{3D0016DB-2EDB-47FB-B491-94C21A706953}"
EndProject
Project("{2150E333-8FDC-42A3-9474-1A3956D46DE8}") = "Core", "Core", "{DC3CD1CC-DEF7-4CB5-AA92-1CD2A2D0C278}"
EndProject
Project("{9A19103F-16F7-4668-BE54-9A1E7A4F7556}") = "Model", "Model\Model.csproj", "{F73C2960-EEED-4694-B61A-D29A3ACB6023}"
EndProject
Project("{9A19103F-16F7-4668-BE54-9A1E7A4F7556}") = "NotificationConsumer", "NotificationConsumer\NotificationConsumer.csproj", "{4FF12B46-E56F-4B77-A551-60D50B7B2E68}"
EndProject
Project("{9A19103F-16F7-4668-BE54-9A1E7A4F7556}") = "Strategy", "Strategy\Strategy.csproj", "{8332D1E5-85A0-427D-971D-21ACF6F4C36E}"
EndProject
Project("{9A19103F-16F7-4668-BE54-9A1E7A4F7556}") = "AsyncEngine", "AsyncEngine\AsyncEngine.csproj", "{E58C0DE3-A3FF-4638-B483-682E63690FF9}"
EndProject
Project("{2150E333-8FDC-42A3-9474-1A3956D46DE8}") = "SignalR", "SignalR", "{832FAD39-1CCF-49C8-944D-CDEFB00B5D79}"
EndProject
Project("{9A19103F-16F7-4668-BE54-9A1E7A4F7556}") = "BlazorSignalRApp.Server", "BlazorSignalRApp\Server\BlazorSignalRApp.Server.csproj", "{FDA7B68C-59FD-4503-9307-25E536D27BB8}"
EndProject
Project("{9A19103F-16F7-4668-BE54-9A1E7A4F7556}") = "BlazorSignalRApp.Client", "BlazorSignalRApp\Client\BlazorSignalRApp.Client.csproj", "{74EBC666-4D58-4D7D-A46E-859897D0CB31}"
EndProject
Project("{9A19103F-16F7-4668-BE54-9A1E7A4F7556}") = "BlazorSignalRApp.Shared", "BlazorSignalRApp\Shared\BlazorSignalRApp.Shared.csproj", "{37A8D417-B5EC-4685-A11E-EF9EDCBAEFCA}"
EndProject
Project("{9A19103F-16F7-4668-BE54-9A1E7A4F7556}") = "IdentityManager", "IdentityManager\IdentityManager.csproj", "{AFEDBA16-0D74-4EEE-9C3A-E6BBD18E294E}"
EndProject
Project("{9A19103F-16F7-4668-BE54-9A1E7A4F7556}") = "EmailServices", "EmailServices\EmailServices.csproj", "{ABF36CB3-4A6D-4A5B-B36F-C6C55A406C68}"
EndProject
Project("{9A19103F-16F7-4668-BE54-9A1E7A4F7556}") = "MainPlatform", "MainPlatform\MainPlatform.csproj", "{78B6EF35-3FD9-456B-9B9C-82FCD9ED6157}"
EndProject
Project("{9A19103F-16F7-4668-BE54-9A1E7A4F7556}") = "TestAPI", "TestAPI\TestAPI.csproj", "{052A87B0-5889-4C51-8C5C-F3A5D8037B64}"
EndProject
Project("{9A19103F-16F7-4668-BE54-9A1E7A4F7556}") = "Empty", "Empty\Empty.csproj", "{76BD7F42-FC85-4B4C-8F34-79B2E7AF95CB}"
EndProject
Project("{9A19103F-16F7-4668-BE54-9A1E7A4F7556}") = "React", "React\React.csproj", "{DE4F8F00-0A25-4608-8E78-84919C69BD34}"
EndProject
Project("{9A19103F-16F7-4668-BE54-9A1E7A4F7556}") = "Angular", "Angular\Angular.csproj", "{7D725947-F9AD-4BB1-8F8E-8F4173D37967}"
EndProject
Project("{9A19103F-16F7-4668-BE54-9A1E7A4F7556}") = "GrpcService", "GrpcService\GrpcService.csproj", "{A05178ED-BFEB-45A3-8714-471AFCB69AA6}"
EndProject
Project("{2150E333-8FDC-42A3-9474-1A3956D46DE8}") = "BlazorServerApp", "BlazorServerApp", "{2B2A86C6-F2EC-4B5A-853D-D0FD988407D5}"
EndProject
Project("{9A19103F-16F7-4668-BE54-9A1E7A4F7556}") = "BlazorWeb", "BlazorWeb\BlazorWeb.csproj", "{475A422A-ED15-4F6B-80AE-E1D6D655A21C}"
EndProject
Project("{9A19103F-16F7-4668-BE54-9A1E7A4F7556}") = "OrderAPI", "OrderAPI\OrderAPI.csproj", "{9CECDD1C-DADA-41C8-B763-EC19BE0FD6ED}"
EndProject
Project("{9A19103F-16F7-4668-BE54-9A1E7A4F7556}") = "BlazorWithIdentity", "BlazorWithIdentity\BlazorWithIdentity.csproj", "{D9ED3B1C-BCA0-47A9-9014-3560A71E149D}"
EndProject
Project("{9A19103F-16F7-4668-BE54-9A1E7A4F7556}") = "GatewayAPI", "GatewayAPI\GatewayAPI.csproj", "{AFD44E45-DFEA-4C9A-A8E2-80C4F95D382B}"
EndProject
Project("{2150E333-8FDC-42A3-9474-1A3956D46DE8}") = "Mobile", "Mobile", "{0C8AA3F0-856D-4CA4-88F7-6C2B751F1090}"
EndProject
Project("{2150E333-8FDC-42A3-9474-1A3956D46DE8}") = "Android", "Android", "{4064C086-1F46-42E3-8232-F828DF9D2393}"
EndProject
Project("{2150E333-8FDC-42A3-9474-1A3956D46DE8}") = "microServices", "microServices", "{8F87B820-2124-4DC8-B706-6ED161075F7E}"
EndProject
Project("{FAE04EC0-301F-11D3-BF4B-00C04F79EFBC}") = "AuthService", "AuthService\AuthService.csproj", "{810F7264-1ECB-42D3-8E03-4E572472B92D}"
EndProject
Global
	GlobalSection(SolutionConfigurationPlatforms) = preSolution
		Debug|Any CPU = Debug|Any CPU
		Debug|x64 = Debug|x64
		Debug|x86 = Debug|x86
		Release|Any CPU = Release|Any CPU
		Release|x64 = Release|x64
		Release|x86 = Release|x86
	EndGlobalSection
	GlobalSection(ProjectConfigurationPlatforms) = postSolution
		{672602F3-A0D0-40DA-AB60-3EF8D90D471D}.Debug|Any CPU.ActiveCfg = Debug|Any CPU
		{672602F3-A0D0-40DA-AB60-3EF8D90D471D}.Debug|Any CPU.Build.0 = Debug|Any CPU
		{672602F3-A0D0-40DA-AB60-3EF8D90D471D}.Debug|x64.ActiveCfg = Debug|Any CPU
		{672602F3-A0D0-40DA-AB60-3EF8D90D471D}.Debug|x64.Build.0 = Debug|Any CPU
		{672602F3-A0D0-40DA-AB60-3EF8D90D471D}.Debug|x86.ActiveCfg = Debug|Any CPU
		{672602F3-A0D0-40DA-AB60-3EF8D90D471D}.Debug|x86.Build.0 = Debug|Any CPU
		{672602F3-A0D0-40DA-AB60-3EF8D90D471D}.Release|Any CPU.ActiveCfg = Release|Any CPU
		{672602F3-A0D0-40DA-AB60-3EF8D90D471D}.Release|Any CPU.Build.0 = Release|Any CPU
		{672602F3-A0D0-40DA-AB60-3EF8D90D471D}.Release|x64.ActiveCfg = Release|Any CPU
		{672602F3-A0D0-40DA-AB60-3EF8D90D471D}.Release|x64.Build.0 = Release|Any CPU
		{672602F3-A0D0-40DA-AB60-3EF8D90D471D}.Release|x86.ActiveCfg = Release|Any CPU
		{672602F3-A0D0-40DA-AB60-3EF8D90D471D}.Release|x86.Build.0 = Release|Any CPU
		{8709FA3C-D37F-4145-8D8A-489174759CC8}.Debug|Any CPU.ActiveCfg = Debug|Any CPU
		{8709FA3C-D37F-4145-8D8A-489174759CC8}.Debug|Any CPU.Build.0 = Debug|Any CPU
		{8709FA3C-D37F-4145-8D8A-489174759CC8}.Debug|x64.ActiveCfg = Debug|Any CPU
		{8709FA3C-D37F-4145-8D8A-489174759CC8}.Debug|x64.Build.0 = Debug|Any CPU
		{8709FA3C-D37F-4145-8D8A-489174759CC8}.Debug|x86.ActiveCfg = Debug|Any CPU
		{8709FA3C-D37F-4145-8D8A-489174759CC8}.Debug|x86.Build.0 = Debug|Any CPU
		{8709FA3C-D37F-4145-8D8A-489174759CC8}.Release|Any CPU.ActiveCfg = Release|Any CPU
		{8709FA3C-D37F-4145-8D8A-489174759CC8}.Release|Any CPU.Build.0 = Release|Any CPU
		{8709FA3C-D37F-4145-8D8A-489174759CC8}.Release|x64.ActiveCfg = Release|Any CPU
		{8709FA3C-D37F-4145-8D8A-489174759CC8}.Release|x64.Build.0 = Release|Any CPU
		{8709FA3C-D37F-4145-8D8A-489174759CC8}.Release|x86.ActiveCfg = Release|Any CPU
		{8709FA3C-D37F-4145-8D8A-489174759CC8}.Release|x86.Build.0 = Release|Any CPU
		{9285F19D-DB41-4D5E-B9B8-1364F4B65BF0}.Debug|Any CPU.ActiveCfg = Debug|Any CPU
		{9285F19D-DB41-4D5E-B9B8-1364F4B65BF0}.Debug|Any CPU.Build.0 = Debug|Any CPU
		{9285F19D-DB41-4D5E-B9B8-1364F4B65BF0}.Debug|x64.ActiveCfg = Debug|Any CPU
		{9285F19D-DB41-4D5E-B9B8-1364F4B65BF0}.Debug|x64.Build.0 = Debug|Any CPU
		{9285F19D-DB41-4D5E-B9B8-1364F4B65BF0}.Debug|x86.ActiveCfg = Debug|Any CPU
		{9285F19D-DB41-4D5E-B9B8-1364F4B65BF0}.Debug|x86.Build.0 = Debug|Any CPU
		{9285F19D-DB41-4D5E-B9B8-1364F4B65BF0}.Release|Any CPU.ActiveCfg = Release|Any CPU
		{9285F19D-DB41-4D5E-B9B8-1364F4B65BF0}.Release|Any CPU.Build.0 = Release|Any CPU
		{9285F19D-DB41-4D5E-B9B8-1364F4B65BF0}.Release|x64.ActiveCfg = Release|Any CPU
		{9285F19D-DB41-4D5E-B9B8-1364F4B65BF0}.Release|x64.Build.0 = Release|Any CPU
		{9285F19D-DB41-4D5E-B9B8-1364F4B65BF0}.Release|x86.ActiveCfg = Release|Any CPU
		{9285F19D-DB41-4D5E-B9B8-1364F4B65BF0}.Release|x86.Build.0 = Release|Any CPU
		{5C62380A-37DF-426F-ABCC-F559656CE4C4}.Debug|Any CPU.ActiveCfg = Debug|Any CPU
		{5C62380A-37DF-426F-ABCC-F559656CE4C4}.Debug|Any CPU.Build.0 = Debug|Any CPU
		{5C62380A-37DF-426F-ABCC-F559656CE4C4}.Debug|x64.ActiveCfg = Debug|Any CPU
		{5C62380A-37DF-426F-ABCC-F559656CE4C4}.Debug|x64.Build.0 = Debug|Any CPU
		{5C62380A-37DF-426F-ABCC-F559656CE4C4}.Debug|x86.ActiveCfg = Debug|Any CPU
		{5C62380A-37DF-426F-ABCC-F559656CE4C4}.Debug|x86.Build.0 = Debug|Any CPU
		{5C62380A-37DF-426F-ABCC-F559656CE4C4}.Release|Any CPU.ActiveCfg = Release|Any CPU
		{5C62380A-37DF-426F-ABCC-F559656CE4C4}.Release|Any CPU.Build.0 = Release|Any CPU
		{5C62380A-37DF-426F-ABCC-F559656CE4C4}.Release|x64.ActiveCfg = Release|Any CPU
		{5C62380A-37DF-426F-ABCC-F559656CE4C4}.Release|x64.Build.0 = Release|Any CPU
		{5C62380A-37DF-426F-ABCC-F559656CE4C4}.Release|x86.ActiveCfg = Release|Any CPU
		{5C62380A-37DF-426F-ABCC-F559656CE4C4}.Release|x86.Build.0 = Release|Any CPU
		{C58BE2A6-244C-4FA2-9850-12B13DCD9D4A}.Debug|Any CPU.ActiveCfg = Debug|Any CPU
		{C58BE2A6-244C-4FA2-9850-12B13DCD9D4A}.Debug|Any CPU.Build.0 = Debug|Any CPU
		{C58BE2A6-244C-4FA2-9850-12B13DCD9D4A}.Debug|x64.ActiveCfg = Debug|Any CPU
		{C58BE2A6-244C-4FA2-9850-12B13DCD9D4A}.Debug|x64.Build.0 = Debug|Any CPU
		{C58BE2A6-244C-4FA2-9850-12B13DCD9D4A}.Debug|x86.ActiveCfg = Debug|Any CPU
		{C58BE2A6-244C-4FA2-9850-12B13DCD9D4A}.Debug|x86.Build.0 = Debug|Any CPU
		{C58BE2A6-244C-4FA2-9850-12B13DCD9D4A}.Release|Any CPU.ActiveCfg = Release|Any CPU
		{C58BE2A6-244C-4FA2-9850-12B13DCD9D4A}.Release|Any CPU.Build.0 = Release|Any CPU
		{C58BE2A6-244C-4FA2-9850-12B13DCD9D4A}.Release|x64.ActiveCfg = Release|Any CPU
		{C58BE2A6-244C-4FA2-9850-12B13DCD9D4A}.Release|x64.Build.0 = Release|Any CPU
		{C58BE2A6-244C-4FA2-9850-12B13DCD9D4A}.Release|x86.ActiveCfg = Release|Any CPU
		{C58BE2A6-244C-4FA2-9850-12B13DCD9D4A}.Release|x86.Build.0 = Release|Any CPU
		{39A850D5-DDAC-4E7B-BE80-2374711BF3BB}.Debug|Any CPU.ActiveCfg = Debug|Any CPU
		{39A850D5-DDAC-4E7B-BE80-2374711BF3BB}.Debug|Any CPU.Build.0 = Debug|Any CPU
		{39A850D5-DDAC-4E7B-BE80-2374711BF3BB}.Debug|x64.ActiveCfg = Debug|Any CPU
		{39A850D5-DDAC-4E7B-BE80-2374711BF3BB}.Debug|x64.Build.0 = Debug|Any CPU
		{39A850D5-DDAC-4E7B-BE80-2374711BF3BB}.Debug|x86.ActiveCfg = Debug|Any CPU
		{39A850D5-DDAC-4E7B-BE80-2374711BF3BB}.Debug|x86.Build.0 = Debug|Any CPU
		{39A850D5-DDAC-4E7B-BE80-2374711BF3BB}.Release|Any CPU.ActiveCfg = Release|Any CPU
		{39A850D5-DDAC-4E7B-BE80-2374711BF3BB}.Release|Any CPU.Build.0 = Release|Any CPU
		{39A850D5-DDAC-4E7B-BE80-2374711BF3BB}.Release|x64.ActiveCfg = Release|Any CPU
		{39A850D5-DDAC-4E7B-BE80-2374711BF3BB}.Release|x64.Build.0 = Release|Any CPU
		{39A850D5-DDAC-4E7B-BE80-2374711BF3BB}.Release|x86.ActiveCfg = Release|Any CPU
		{39A850D5-DDAC-4E7B-BE80-2374711BF3BB}.Release|x86.Build.0 = Release|Any CPU
		{C8730357-D23A-4B95-9699-B76CF9A776D6}.Debug|Any CPU.ActiveCfg = Debug|Any CPU
		{C8730357-D23A-4B95-9699-B76CF9A776D6}.Debug|Any CPU.Build.0 = Debug|Any CPU
		{C8730357-D23A-4B95-9699-B76CF9A776D6}.Debug|x64.ActiveCfg = Debug|Any CPU
		{C8730357-D23A-4B95-9699-B76CF9A776D6}.Debug|x64.Build.0 = Debug|Any CPU
		{C8730357-D23A-4B95-9699-B76CF9A776D6}.Debug|x86.ActiveCfg = Debug|Any CPU
		{C8730357-D23A-4B95-9699-B76CF9A776D6}.Debug|x86.Build.0 = Debug|Any CPU
		{C8730357-D23A-4B95-9699-B76CF9A776D6}.Release|Any CPU.ActiveCfg = Release|Any CPU
		{C8730357-D23A-4B95-9699-B76CF9A776D6}.Release|Any CPU.Build.0 = Release|Any CPU
		{C8730357-D23A-4B95-9699-B76CF9A776D6}.Release|x64.ActiveCfg = Release|Any CPU
		{C8730357-D23A-4B95-9699-B76CF9A776D6}.Release|x64.Build.0 = Release|Any CPU
		{C8730357-D23A-4B95-9699-B76CF9A776D6}.Release|x86.ActiveCfg = Release|Any CPU
		{C8730357-D23A-4B95-9699-B76CF9A776D6}.Release|x86.Build.0 = Release|Any CPU
		{DDCB82E3-79FE-4C2D-89B1-708C1D5229B9}.Debug|Any CPU.ActiveCfg = Debug|Win32
		{DDCB82E3-79FE-4C2D-89B1-708C1D5229B9}.Debug|x64.ActiveCfg = Debug|x64
		{DDCB82E3-79FE-4C2D-89B1-708C1D5229B9}.Debug|x64.Build.0 = Debug|x64
		{DDCB82E3-79FE-4C2D-89B1-708C1D5229B9}.Debug|x86.ActiveCfg = Debug|Win32
		{DDCB82E3-79FE-4C2D-89B1-708C1D5229B9}.Debug|x86.Build.0 = Debug|Win32
		{DDCB82E3-79FE-4C2D-89B1-708C1D5229B9}.Release|Any CPU.ActiveCfg = Release|Win32
		{DDCB82E3-79FE-4C2D-89B1-708C1D5229B9}.Release|x64.ActiveCfg = Release|x64
		{DDCB82E3-79FE-4C2D-89B1-708C1D5229B9}.Release|x64.Build.0 = Release|x64
		{DDCB82E3-79FE-4C2D-89B1-708C1D5229B9}.Release|x86.ActiveCfg = Release|Win32
		{DDCB82E3-79FE-4C2D-89B1-708C1D5229B9}.Release|x86.Build.0 = Release|Win32
		{B44942D4-8180-4502-8B89-1416C25F131B}.Debug|Any CPU.ActiveCfg = Debug|Any CPU
		{B44942D4-8180-4502-8B89-1416C25F131B}.Debug|Any CPU.Build.0 = Debug|Any CPU
		{B44942D4-8180-4502-8B89-1416C25F131B}.Debug|x64.ActiveCfg = Debug|Any CPU
		{B44942D4-8180-4502-8B89-1416C25F131B}.Debug|x64.Build.0 = Debug|Any CPU
		{B44942D4-8180-4502-8B89-1416C25F131B}.Debug|x86.ActiveCfg = Debug|Any CPU
		{B44942D4-8180-4502-8B89-1416C25F131B}.Debug|x86.Build.0 = Debug|Any CPU
		{B44942D4-8180-4502-8B89-1416C25F131B}.Release|Any CPU.ActiveCfg = Release|Any CPU
		{B44942D4-8180-4502-8B89-1416C25F131B}.Release|Any CPU.Build.0 = Release|Any CPU
		{B44942D4-8180-4502-8B89-1416C25F131B}.Release|x64.ActiveCfg = Release|Any CPU
		{B44942D4-8180-4502-8B89-1416C25F131B}.Release|x64.Build.0 = Release|Any CPU
		{B44942D4-8180-4502-8B89-1416C25F131B}.Release|x86.ActiveCfg = Release|Any CPU
		{B44942D4-8180-4502-8B89-1416C25F131B}.Release|x86.Build.0 = Release|Any CPU
		{079EBFB0-9224-46A0-B106-41C73B13103F}.Debug|Any CPU.ActiveCfg = Debug|Any CPU
		{079EBFB0-9224-46A0-B106-41C73B13103F}.Debug|Any CPU.Build.0 = Debug|Any CPU
		{079EBFB0-9224-46A0-B106-41C73B13103F}.Debug|x64.ActiveCfg = Debug|Any CPU
		{079EBFB0-9224-46A0-B106-41C73B13103F}.Debug|x64.Build.0 = Debug|Any CPU
		{079EBFB0-9224-46A0-B106-41C73B13103F}.Debug|x86.ActiveCfg = Debug|Any CPU
		{079EBFB0-9224-46A0-B106-41C73B13103F}.Debug|x86.Build.0 = Debug|Any CPU
		{079EBFB0-9224-46A0-B106-41C73B13103F}.Release|Any CPU.ActiveCfg = Release|Any CPU
		{079EBFB0-9224-46A0-B106-41C73B13103F}.Release|Any CPU.Build.0 = Release|Any CPU
		{079EBFB0-9224-46A0-B106-41C73B13103F}.Release|x64.ActiveCfg = Release|Any CPU
		{079EBFB0-9224-46A0-B106-41C73B13103F}.Release|x64.Build.0 = Release|Any CPU
		{079EBFB0-9224-46A0-B106-41C73B13103F}.Release|x86.ActiveCfg = Release|Any CPU
		{079EBFB0-9224-46A0-B106-41C73B13103F}.Release|x86.Build.0 = Release|Any CPU
		{3D0016DB-2EDB-47FB-B491-94C21A706953}.Debug|Any CPU.ActiveCfg = Debug|Any CPU
		{3D0016DB-2EDB-47FB-B491-94C21A706953}.Debug|Any CPU.Build.0 = Debug|Any CPU
		{3D0016DB-2EDB-47FB-B491-94C21A706953}.Debug|x64.ActiveCfg = Debug|Any CPU
		{3D0016DB-2EDB-47FB-B491-94C21A706953}.Debug|x64.Build.0 = Debug|Any CPU
		{3D0016DB-2EDB-47FB-B491-94C21A706953}.Debug|x86.ActiveCfg = Debug|Any CPU
		{3D0016DB-2EDB-47FB-B491-94C21A706953}.Debug|x86.Build.0 = Debug|Any CPU
		{3D0016DB-2EDB-47FB-B491-94C21A706953}.Release|Any CPU.ActiveCfg = Release|Any CPU
		{3D0016DB-2EDB-47FB-B491-94C21A706953}.Release|Any CPU.Build.0 = Release|Any CPU
		{3D0016DB-2EDB-47FB-B491-94C21A706953}.Release|x64.ActiveCfg = Release|Any CPU
		{3D0016DB-2EDB-47FB-B491-94C21A706953}.Release|x64.Build.0 = Release|Any CPU
		{3D0016DB-2EDB-47FB-B491-94C21A706953}.Release|x86.ActiveCfg = Release|Any CPU
		{3D0016DB-2EDB-47FB-B491-94C21A706953}.Release|x86.Build.0 = Release|Any CPU
		{F73C2960-EEED-4694-B61A-D29A3ACB6023}.Debug|Any CPU.ActiveCfg = Debug|Any CPU
		{F73C2960-EEED-4694-B61A-D29A3ACB6023}.Debug|Any CPU.Build.0 = Debug|Any CPU
		{F73C2960-EEED-4694-B61A-D29A3ACB6023}.Debug|x64.ActiveCfg = Debug|Any CPU
		{F73C2960-EEED-4694-B61A-D29A3ACB6023}.Debug|x64.Build.0 = Debug|Any CPU
		{F73C2960-EEED-4694-B61A-D29A3ACB6023}.Debug|x86.ActiveCfg = Debug|Any CPU
		{F73C2960-EEED-4694-B61A-D29A3ACB6023}.Debug|x86.Build.0 = Debug|Any CPU
		{F73C2960-EEED-4694-B61A-D29A3ACB6023}.Release|Any CPU.ActiveCfg = Release|Any CPU
		{F73C2960-EEED-4694-B61A-D29A3ACB6023}.Release|Any CPU.Build.0 = Release|Any CPU
		{F73C2960-EEED-4694-B61A-D29A3ACB6023}.Release|x64.ActiveCfg = Release|Any CPU
		{F73C2960-EEED-4694-B61A-D29A3ACB6023}.Release|x64.Build.0 = Release|Any CPU
		{F73C2960-EEED-4694-B61A-D29A3ACB6023}.Release|x86.ActiveCfg = Release|Any CPU
		{F73C2960-EEED-4694-B61A-D29A3ACB6023}.Release|x86.Build.0 = Release|Any CPU
		{4FF12B46-E56F-4B77-A551-60D50B7B2E68}.Debug|Any CPU.ActiveCfg = Debug|Any CPU
		{4FF12B46-E56F-4B77-A551-60D50B7B2E68}.Debug|Any CPU.Build.0 = Debug|Any CPU
		{4FF12B46-E56F-4B77-A551-60D50B7B2E68}.Debug|x64.ActiveCfg = Debug|Any CPU
		{4FF12B46-E56F-4B77-A551-60D50B7B2E68}.Debug|x64.Build.0 = Debug|Any CPU
		{4FF12B46-E56F-4B77-A551-60D50B7B2E68}.Debug|x86.ActiveCfg = Debug|Any CPU
		{4FF12B46-E56F-4B77-A551-60D50B7B2E68}.Debug|x86.Build.0 = Debug|Any CPU
		{4FF12B46-E56F-4B77-A551-60D50B7B2E68}.Release|Any CPU.ActiveCfg = Release|Any CPU
		{4FF12B46-E56F-4B77-A551-60D50B7B2E68}.Release|Any CPU.Build.0 = Release|Any CPU
		{4FF12B46-E56F-4B77-A551-60D50B7B2E68}.Release|x64.ActiveCfg = Release|Any CPU
		{4FF12B46-E56F-4B77-A551-60D50B7B2E68}.Release|x64.Build.0 = Release|Any CPU
		{4FF12B46-E56F-4B77-A551-60D50B7B2E68}.Release|x86.ActiveCfg = Release|Any CPU
		{4FF12B46-E56F-4B77-A551-60D50B7B2E68}.Release|x86.Build.0 = Release|Any CPU
		{8332D1E5-85A0-427D-971D-21ACF6F4C36E}.Debug|Any CPU.ActiveCfg = Debug|Any CPU
		{8332D1E5-85A0-427D-971D-21ACF6F4C36E}.Debug|Any CPU.Build.0 = Debug|Any CPU
		{8332D1E5-85A0-427D-971D-21ACF6F4C36E}.Debug|x64.ActiveCfg = Debug|Any CPU
		{8332D1E5-85A0-427D-971D-21ACF6F4C36E}.Debug|x64.Build.0 = Debug|Any CPU
		{8332D1E5-85A0-427D-971D-21ACF6F4C36E}.Debug|x86.ActiveCfg = Debug|Any CPU
		{8332D1E5-85A0-427D-971D-21ACF6F4C36E}.Debug|x86.Build.0 = Debug|Any CPU
		{8332D1E5-85A0-427D-971D-21ACF6F4C36E}.Release|Any CPU.ActiveCfg = Release|Any CPU
		{8332D1E5-85A0-427D-971D-21ACF6F4C36E}.Release|Any CPU.Build.0 = Release|Any CPU
		{8332D1E5-85A0-427D-971D-21ACF6F4C36E}.Release|x64.ActiveCfg = Release|Any CPU
		{8332D1E5-85A0-427D-971D-21ACF6F4C36E}.Release|x64.Build.0 = Release|Any CPU
		{8332D1E5-85A0-427D-971D-21ACF6F4C36E}.Release|x86.ActiveCfg = Release|Any CPU
		{8332D1E5-85A0-427D-971D-21ACF6F4C36E}.Release|x86.Build.0 = Release|Any CPU
		{E58C0DE3-A3FF-4638-B483-682E63690FF9}.Debug|Any CPU.ActiveCfg = Debug|Any CPU
		{E58C0DE3-A3FF-4638-B483-682E63690FF9}.Debug|Any CPU.Build.0 = Debug|Any CPU
		{E58C0DE3-A3FF-4638-B483-682E63690FF9}.Debug|x64.ActiveCfg = Debug|Any CPU
		{E58C0DE3-A3FF-4638-B483-682E63690FF9}.Debug|x64.Build.0 = Debug|Any CPU
		{E58C0DE3-A3FF-4638-B483-682E63690FF9}.Debug|x86.ActiveCfg = Debug|Any CPU
		{E58C0DE3-A3FF-4638-B483-682E63690FF9}.Debug|x86.Build.0 = Debug|Any CPU
		{E58C0DE3-A3FF-4638-B483-682E63690FF9}.Release|Any CPU.ActiveCfg = Release|Any CPU
		{E58C0DE3-A3FF-4638-B483-682E63690FF9}.Release|Any CPU.Build.0 = Release|Any CPU
		{E58C0DE3-A3FF-4638-B483-682E63690FF9}.Release|x64.ActiveCfg = Release|Any CPU
		{E58C0DE3-A3FF-4638-B483-682E63690FF9}.Release|x64.Build.0 = Release|Any CPU
		{E58C0DE3-A3FF-4638-B483-682E63690FF9}.Release|x86.ActiveCfg = Release|Any CPU
		{E58C0DE3-A3FF-4638-B483-682E63690FF9}.Release|x86.Build.0 = Release|Any CPU
		{FDA7B68C-59FD-4503-9307-25E536D27BB8}.Debug|Any CPU.ActiveCfg = Debug|Any CPU
		{FDA7B68C-59FD-4503-9307-25E536D27BB8}.Debug|Any CPU.Build.0 = Debug|Any CPU
		{FDA7B68C-59FD-4503-9307-25E536D27BB8}.Debug|x64.ActiveCfg = Debug|Any CPU
		{FDA7B68C-59FD-4503-9307-25E536D27BB8}.Debug|x64.Build.0 = Debug|Any CPU
		{FDA7B68C-59FD-4503-9307-25E536D27BB8}.Debug|x86.ActiveCfg = Debug|Any CPU
		{FDA7B68C-59FD-4503-9307-25E536D27BB8}.Debug|x86.Build.0 = Debug|Any CPU
		{FDA7B68C-59FD-4503-9307-25E536D27BB8}.Release|Any CPU.ActiveCfg = Release|Any CPU
		{FDA7B68C-59FD-4503-9307-25E536D27BB8}.Release|Any CPU.Build.0 = Release|Any CPU
		{FDA7B68C-59FD-4503-9307-25E536D27BB8}.Release|x64.ActiveCfg = Release|Any CPU
		{FDA7B68C-59FD-4503-9307-25E536D27BB8}.Release|x64.Build.0 = Release|Any CPU
		{FDA7B68C-59FD-4503-9307-25E536D27BB8}.Release|x86.ActiveCfg = Release|Any CPU
		{FDA7B68C-59FD-4503-9307-25E536D27BB8}.Release|x86.Build.0 = Release|Any CPU
		{74EBC666-4D58-4D7D-A46E-859897D0CB31}.Debug|Any CPU.ActiveCfg = Debug|Any CPU
		{74EBC666-4D58-4D7D-A46E-859897D0CB31}.Debug|Any CPU.Build.0 = Debug|Any CPU
		{74EBC666-4D58-4D7D-A46E-859897D0CB31}.Debug|x64.ActiveCfg = Debug|Any CPU
		{74EBC666-4D58-4D7D-A46E-859897D0CB31}.Debug|x64.Build.0 = Debug|Any CPU
		{74EBC666-4D58-4D7D-A46E-859897D0CB31}.Debug|x86.ActiveCfg = Debug|Any CPU
		{74EBC666-4D58-4D7D-A46E-859897D0CB31}.Debug|x86.Build.0 = Debug|Any CPU
		{74EBC666-4D58-4D7D-A46E-859897D0CB31}.Release|Any CPU.ActiveCfg = Release|Any CPU
		{74EBC666-4D58-4D7D-A46E-859897D0CB31}.Release|Any CPU.Build.0 = Release|Any CPU
		{74EBC666-4D58-4D7D-A46E-859897D0CB31}.Release|x64.ActiveCfg = Release|Any CPU
		{74EBC666-4D58-4D7D-A46E-859897D0CB31}.Release|x64.Build.0 = Release|Any CPU
		{74EBC666-4D58-4D7D-A46E-859897D0CB31}.Release|x86.ActiveCfg = Release|Any CPU
		{74EBC666-4D58-4D7D-A46E-859897D0CB31}.Release|x86.Build.0 = Release|Any CPU
		{37A8D417-B5EC-4685-A11E-EF9EDCBAEFCA}.Debug|Any CPU.ActiveCfg = Debug|Any CPU
		{37A8D417-B5EC-4685-A11E-EF9EDCBAEFCA}.Debug|Any CPU.Build.0 = Debug|Any CPU
		{37A8D417-B5EC-4685-A11E-EF9EDCBAEFCA}.Debug|x64.ActiveCfg = Debug|Any CPU
		{37A8D417-B5EC-4685-A11E-EF9EDCBAEFCA}.Debug|x64.Build.0 = Debug|Any CPU
		{37A8D417-B5EC-4685-A11E-EF9EDCBAEFCA}.Debug|x86.ActiveCfg = Debug|Any CPU
		{37A8D417-B5EC-4685-A11E-EF9EDCBAEFCA}.Debug|x86.Build.0 = Debug|Any CPU
		{37A8D417-B5EC-4685-A11E-EF9EDCBAEFCA}.Release|Any CPU.ActiveCfg = Release|Any CPU
		{37A8D417-B5EC-4685-A11E-EF9EDCBAEFCA}.Release|Any CPU.Build.0 = Release|Any CPU
		{37A8D417-B5EC-4685-A11E-EF9EDCBAEFCA}.Release|x64.ActiveCfg = Release|Any CPU
		{37A8D417-B5EC-4685-A11E-EF9EDCBAEFCA}.Release|x64.Build.0 = Release|Any CPU
		{37A8D417-B5EC-4685-A11E-EF9EDCBAEFCA}.Release|x86.ActiveCfg = Release|Any CPU
		{37A8D417-B5EC-4685-A11E-EF9EDCBAEFCA}.Release|x86.Build.0 = Release|Any CPU
		{AFEDBA16-0D74-4EEE-9C3A-E6BBD18E294E}.Debug|Any CPU.ActiveCfg = Debug|Any CPU
		{AFEDBA16-0D74-4EEE-9C3A-E6BBD18E294E}.Debug|Any CPU.Build.0 = Debug|Any CPU
		{AFEDBA16-0D74-4EEE-9C3A-E6BBD18E294E}.Debug|x64.ActiveCfg = Debug|Any CPU
		{AFEDBA16-0D74-4EEE-9C3A-E6BBD18E294E}.Debug|x64.Build.0 = Debug|Any CPU
		{AFEDBA16-0D74-4EEE-9C3A-E6BBD18E294E}.Debug|x86.ActiveCfg = Debug|Any CPU
		{AFEDBA16-0D74-4EEE-9C3A-E6BBD18E294E}.Debug|x86.Build.0 = Debug|Any CPU
		{AFEDBA16-0D74-4EEE-9C3A-E6BBD18E294E}.Release|Any CPU.ActiveCfg = Release|Any CPU
		{AFEDBA16-0D74-4EEE-9C3A-E6BBD18E294E}.Release|Any CPU.Build.0 = Release|Any CPU
		{AFEDBA16-0D74-4EEE-9C3A-E6BBD18E294E}.Release|x64.ActiveCfg = Release|Any CPU
		{AFEDBA16-0D74-4EEE-9C3A-E6BBD18E294E}.Release|x64.Build.0 = Release|Any CPU
		{AFEDBA16-0D74-4EEE-9C3A-E6BBD18E294E}.Release|x86.ActiveCfg = Release|Any CPU
		{AFEDBA16-0D74-4EEE-9C3A-E6BBD18E294E}.Release|x86.Build.0 = Release|Any CPU
		{ABF36CB3-4A6D-4A5B-B36F-C6C55A406C68}.Debug|Any CPU.ActiveCfg = Debug|Any CPU
		{ABF36CB3-4A6D-4A5B-B36F-C6C55A406C68}.Debug|Any CPU.Build.0 = Debug|Any CPU
		{ABF36CB3-4A6D-4A5B-B36F-C6C55A406C68}.Debug|x64.ActiveCfg = Debug|Any CPU
		{ABF36CB3-4A6D-4A5B-B36F-C6C55A406C68}.Debug|x64.Build.0 = Debug|Any CPU
		{ABF36CB3-4A6D-4A5B-B36F-C6C55A406C68}.Debug|x86.ActiveCfg = Debug|Any CPU
		{ABF36CB3-4A6D-4A5B-B36F-C6C55A406C68}.Debug|x86.Build.0 = Debug|Any CPU
		{ABF36CB3-4A6D-4A5B-B36F-C6C55A406C68}.Release|Any CPU.ActiveCfg = Release|Any CPU
		{ABF36CB3-4A6D-4A5B-B36F-C6C55A406C68}.Release|Any CPU.Build.0 = Release|Any CPU
		{ABF36CB3-4A6D-4A5B-B36F-C6C55A406C68}.Release|x64.ActiveCfg = Release|Any CPU
		{ABF36CB3-4A6D-4A5B-B36F-C6C55A406C68}.Release|x64.Build.0 = Release|Any CPU
		{ABF36CB3-4A6D-4A5B-B36F-C6C55A406C68}.Release|x86.ActiveCfg = Release|Any CPU
		{ABF36CB3-4A6D-4A5B-B36F-C6C55A406C68}.Release|x86.Build.0 = Release|Any CPU
		{78B6EF35-3FD9-456B-9B9C-82FCD9ED6157}.Debug|Any CPU.ActiveCfg = Debug|Any CPU
		{78B6EF35-3FD9-456B-9B9C-82FCD9ED6157}.Debug|Any CPU.Build.0 = Debug|Any CPU
		{78B6EF35-3FD9-456B-9B9C-82FCD9ED6157}.Debug|x64.ActiveCfg = Debug|Any CPU
		{78B6EF35-3FD9-456B-9B9C-82FCD9ED6157}.Debug|x64.Build.0 = Debug|Any CPU
		{78B6EF35-3FD9-456B-9B9C-82FCD9ED6157}.Debug|x86.ActiveCfg = Debug|Any CPU
		{78B6EF35-3FD9-456B-9B9C-82FCD9ED6157}.Debug|x86.Build.0 = Debug|Any CPU
		{78B6EF35-3FD9-456B-9B9C-82FCD9ED6157}.Release|Any CPU.ActiveCfg = Release|Any CPU
		{78B6EF35-3FD9-456B-9B9C-82FCD9ED6157}.Release|Any CPU.Build.0 = Release|Any CPU
		{78B6EF35-3FD9-456B-9B9C-82FCD9ED6157}.Release|x64.ActiveCfg = Release|Any CPU
		{78B6EF35-3FD9-456B-9B9C-82FCD9ED6157}.Release|x64.Build.0 = Release|Any CPU
		{78B6EF35-3FD9-456B-9B9C-82FCD9ED6157}.Release|x86.ActiveCfg = Release|Any CPU
		{78B6EF35-3FD9-456B-9B9C-82FCD9ED6157}.Release|x86.Build.0 = Release|Any CPU
		{052A87B0-5889-4C51-8C5C-F3A5D8037B64}.Debug|Any CPU.ActiveCfg = Debug|Any CPU
		{052A87B0-5889-4C51-8C5C-F3A5D8037B64}.Debug|Any CPU.Build.0 = Debug|Any CPU
		{052A87B0-5889-4C51-8C5C-F3A5D8037B64}.Debug|x64.ActiveCfg = Debug|Any CPU
		{052A87B0-5889-4C51-8C5C-F3A5D8037B64}.Debug|x64.Build.0 = Debug|Any CPU
		{052A87B0-5889-4C51-8C5C-F3A5D8037B64}.Debug|x86.ActiveCfg = Debug|Any CPU
		{052A87B0-5889-4C51-8C5C-F3A5D8037B64}.Debug|x86.Build.0 = Debug|Any CPU
		{052A87B0-5889-4C51-8C5C-F3A5D8037B64}.Release|Any CPU.ActiveCfg = Release|Any CPU
		{052A87B0-5889-4C51-8C5C-F3A5D8037B64}.Release|Any CPU.Build.0 = Release|Any CPU
		{052A87B0-5889-4C51-8C5C-F3A5D8037B64}.Release|x64.ActiveCfg = Release|Any CPU
		{052A87B0-5889-4C51-8C5C-F3A5D8037B64}.Release|x64.Build.0 = Release|Any CPU
		{052A87B0-5889-4C51-8C5C-F3A5D8037B64}.Release|x86.ActiveCfg = Release|Any CPU
		{052A87B0-5889-4C51-8C5C-F3A5D8037B64}.Release|x86.Build.0 = Release|Any CPU
		{76BD7F42-FC85-4B4C-8F34-79B2E7AF95CB}.Debug|Any CPU.ActiveCfg = Debug|Any CPU
		{76BD7F42-FC85-4B4C-8F34-79B2E7AF95CB}.Debug|Any CPU.Build.0 = Debug|Any CPU
		{76BD7F42-FC85-4B4C-8F34-79B2E7AF95CB}.Debug|x64.ActiveCfg = Debug|Any CPU
		{76BD7F42-FC85-4B4C-8F34-79B2E7AF95CB}.Debug|x64.Build.0 = Debug|Any CPU
		{76BD7F42-FC85-4B4C-8F34-79B2E7AF95CB}.Debug|x86.ActiveCfg = Debug|Any CPU
		{76BD7F42-FC85-4B4C-8F34-79B2E7AF95CB}.Debug|x86.Build.0 = Debug|Any CPU
		{76BD7F42-FC85-4B4C-8F34-79B2E7AF95CB}.Release|Any CPU.ActiveCfg = Release|Any CPU
		{76BD7F42-FC85-4B4C-8F34-79B2E7AF95CB}.Release|Any CPU.Build.0 = Release|Any CPU
		{76BD7F42-FC85-4B4C-8F34-79B2E7AF95CB}.Release|x64.ActiveCfg = Release|Any CPU
		{76BD7F42-FC85-4B4C-8F34-79B2E7AF95CB}.Release|x64.Build.0 = Release|Any CPU
		{76BD7F42-FC85-4B4C-8F34-79B2E7AF95CB}.Release|x86.ActiveCfg = Release|Any CPU
		{76BD7F42-FC85-4B4C-8F34-79B2E7AF95CB}.Release|x86.Build.0 = Release|Any CPU
		{DE4F8F00-0A25-4608-8E78-84919C69BD34}.Debug|Any CPU.ActiveCfg = Debug|Any CPU
		{DE4F8F00-0A25-4608-8E78-84919C69BD34}.Debug|Any CPU.Build.0 = Debug|Any CPU
		{DE4F8F00-0A25-4608-8E78-84919C69BD34}.Debug|x64.ActiveCfg = Debug|Any CPU
		{DE4F8F00-0A25-4608-8E78-84919C69BD34}.Debug|x64.Build.0 = Debug|Any CPU
		{DE4F8F00-0A25-4608-8E78-84919C69BD34}.Debug|x86.ActiveCfg = Debug|Any CPU
		{DE4F8F00-0A25-4608-8E78-84919C69BD34}.Debug|x86.Build.0 = Debug|Any CPU
		{DE4F8F00-0A25-4608-8E78-84919C69BD34}.Release|Any CPU.ActiveCfg = Release|Any CPU
		{DE4F8F00-0A25-4608-8E78-84919C69BD34}.Release|Any CPU.Build.0 = Release|Any CPU
		{DE4F8F00-0A25-4608-8E78-84919C69BD34}.Release|x64.ActiveCfg = Release|Any CPU
		{DE4F8F00-0A25-4608-8E78-84919C69BD34}.Release|x64.Build.0 = Release|Any CPU
		{DE4F8F00-0A25-4608-8E78-84919C69BD34}.Release|x86.ActiveCfg = Release|Any CPU
		{DE4F8F00-0A25-4608-8E78-84919C69BD34}.Release|x86.Build.0 = Release|Any CPU
		{7D725947-F9AD-4BB1-8F8E-8F4173D37967}.Debug|Any CPU.ActiveCfg = Debug|Any CPU
		{7D725947-F9AD-4BB1-8F8E-8F4173D37967}.Debug|Any CPU.Build.0 = Debug|Any CPU
		{7D725947-F9AD-4BB1-8F8E-8F4173D37967}.Debug|x64.ActiveCfg = Debug|Any CPU
		{7D725947-F9AD-4BB1-8F8E-8F4173D37967}.Debug|x64.Build.0 = Debug|Any CPU
		{7D725947-F9AD-4BB1-8F8E-8F4173D37967}.Debug|x86.ActiveCfg = Debug|Any CPU
		{7D725947-F9AD-4BB1-8F8E-8F4173D37967}.Debug|x86.Build.0 = Debug|Any CPU
		{7D725947-F9AD-4BB1-8F8E-8F4173D37967}.Release|Any CPU.ActiveCfg = Release|Any CPU
		{7D725947-F9AD-4BB1-8F8E-8F4173D37967}.Release|Any CPU.Build.0 = Release|Any CPU
		{7D725947-F9AD-4BB1-8F8E-8F4173D37967}.Release|x64.ActiveCfg = Release|Any CPU
		{7D725947-F9AD-4BB1-8F8E-8F4173D37967}.Release|x64.Build.0 = Release|Any CPU
		{7D725947-F9AD-4BB1-8F8E-8F4173D37967}.Release|x86.ActiveCfg = Release|Any CPU
		{7D725947-F9AD-4BB1-8F8E-8F4173D37967}.Release|x86.Build.0 = Release|Any CPU
		{A05178ED-BFEB-45A3-8714-471AFCB69AA6}.Debug|Any CPU.ActiveCfg = Debug|Any CPU
		{A05178ED-BFEB-45A3-8714-471AFCB69AA6}.Debug|Any CPU.Build.0 = Debug|Any CPU
		{A05178ED-BFEB-45A3-8714-471AFCB69AA6}.Debug|x64.ActiveCfg = Debug|Any CPU
		{A05178ED-BFEB-45A3-8714-471AFCB69AA6}.Debug|x64.Build.0 = Debug|Any CPU
		{A05178ED-BFEB-45A3-8714-471AFCB69AA6}.Debug|x86.ActiveCfg = Debug|Any CPU
		{A05178ED-BFEB-45A3-8714-471AFCB69AA6}.Debug|x86.Build.0 = Debug|Any CPU
		{A05178ED-BFEB-45A3-8714-471AFCB69AA6}.Release|Any CPU.ActiveCfg = Release|Any CPU
		{A05178ED-BFEB-45A3-8714-471AFCB69AA6}.Release|Any CPU.Build.0 = Release|Any CPU
		{A05178ED-BFEB-45A3-8714-471AFCB69AA6}.Release|x64.ActiveCfg = Release|Any CPU
		{A05178ED-BFEB-45A3-8714-471AFCB69AA6}.Release|x64.Build.0 = Release|Any CPU
		{A05178ED-BFEB-45A3-8714-471AFCB69AA6}.Release|x86.ActiveCfg = Release|Any CPU
		{A05178ED-BFEB-45A3-8714-471AFCB69AA6}.Release|x86.Build.0 = Release|Any CPU
		{475A422A-ED15-4F6B-80AE-E1D6D655A21C}.Debug|Any CPU.ActiveCfg = Debug|Any CPU
		{475A422A-ED15-4F6B-80AE-E1D6D655A21C}.Debug|Any CPU.Build.0 = Debug|Any CPU
		{475A422A-ED15-4F6B-80AE-E1D6D655A21C}.Debug|x64.ActiveCfg = Debug|Any CPU
		{475A422A-ED15-4F6B-80AE-E1D6D655A21C}.Debug|x64.Build.0 = Debug|Any CPU
		{475A422A-ED15-4F6B-80AE-E1D6D655A21C}.Debug|x86.ActiveCfg = Debug|Any CPU
		{475A422A-ED15-4F6B-80AE-E1D6D655A21C}.Debug|x86.Build.0 = Debug|Any CPU
		{475A422A-ED15-4F6B-80AE-E1D6D655A21C}.Release|Any CPU.ActiveCfg = Release|Any CPU
		{475A422A-ED15-4F6B-80AE-E1D6D655A21C}.Release|Any CPU.Build.0 = Release|Any CPU
		{475A422A-ED15-4F6B-80AE-E1D6D655A21C}.Release|x64.ActiveCfg = Release|Any CPU
		{475A422A-ED15-4F6B-80AE-E1D6D655A21C}.Release|x64.Build.0 = Release|Any CPU
		{475A422A-ED15-4F6B-80AE-E1D6D655A21C}.Release|x86.ActiveCfg = Release|Any CPU
		{475A422A-ED15-4F6B-80AE-E1D6D655A21C}.Release|x86.Build.0 = Release|Any CPU
		{9CECDD1C-DADA-41C8-B763-EC19BE0FD6ED}.Debug|Any CPU.ActiveCfg = Debug|Any CPU
		{9CECDD1C-DADA-41C8-B763-EC19BE0FD6ED}.Debug|Any CPU.Build.0 = Debug|Any CPU
		{9CECDD1C-DADA-41C8-B763-EC19BE0FD6ED}.Debug|x64.ActiveCfg = Debug|Any CPU
		{9CECDD1C-DADA-41C8-B763-EC19BE0FD6ED}.Debug|x64.Build.0 = Debug|Any CPU
		{9CECDD1C-DADA-41C8-B763-EC19BE0FD6ED}.Debug|x86.ActiveCfg = Debug|Any CPU
		{9CECDD1C-DADA-41C8-B763-EC19BE0FD6ED}.Debug|x86.Build.0 = Debug|Any CPU
		{9CECDD1C-DADA-41C8-B763-EC19BE0FD6ED}.Release|Any CPU.ActiveCfg = Release|Any CPU
		{9CECDD1C-DADA-41C8-B763-EC19BE0FD6ED}.Release|Any CPU.Build.0 = Release|Any CPU
		{9CECDD1C-DADA-41C8-B763-EC19BE0FD6ED}.Release|x64.ActiveCfg = Release|Any CPU
		{9CECDD1C-DADA-41C8-B763-EC19BE0FD6ED}.Release|x64.Build.0 = Release|Any CPU
		{9CECDD1C-DADA-41C8-B763-EC19BE0FD6ED}.Release|x86.ActiveCfg = Release|Any CPU
		{9CECDD1C-DADA-41C8-B763-EC19BE0FD6ED}.Release|x86.Build.0 = Release|Any CPU
		{D9ED3B1C-BCA0-47A9-9014-3560A71E149D}.Debug|Any CPU.ActiveCfg = Debug|Any CPU
		{D9ED3B1C-BCA0-47A9-9014-3560A71E149D}.Debug|Any CPU.Build.0 = Debug|Any CPU
		{D9ED3B1C-BCA0-47A9-9014-3560A71E149D}.Debug|x64.ActiveCfg = Debug|Any CPU
		{D9ED3B1C-BCA0-47A9-9014-3560A71E149D}.Debug|x64.Build.0 = Debug|Any CPU
		{D9ED3B1C-BCA0-47A9-9014-3560A71E149D}.Debug|x86.ActiveCfg = Debug|Any CPU
		{D9ED3B1C-BCA0-47A9-9014-3560A71E149D}.Debug|x86.Build.0 = Debug|Any CPU
		{D9ED3B1C-BCA0-47A9-9014-3560A71E149D}.Release|Any CPU.ActiveCfg = Release|Any CPU
		{D9ED3B1C-BCA0-47A9-9014-3560A71E149D}.Release|Any CPU.Build.0 = Release|Any CPU
		{D9ED3B1C-BCA0-47A9-9014-3560A71E149D}.Release|x64.ActiveCfg = Release|Any CPU
		{D9ED3B1C-BCA0-47A9-9014-3560A71E149D}.Release|x64.Build.0 = Release|Any CPU
		{D9ED3B1C-BCA0-47A9-9014-3560A71E149D}.Release|x86.ActiveCfg = Release|Any CPU
		{D9ED3B1C-BCA0-47A9-9014-3560A71E149D}.Release|x86.Build.0 = Release|Any CPU
		{AFD44E45-DFEA-4C9A-A8E2-80C4F95D382B}.Debug|Any CPU.ActiveCfg = Debug|Any CPU
		{AFD44E45-DFEA-4C9A-A8E2-80C4F95D382B}.Debug|Any CPU.Build.0 = Debug|Any CPU
		{AFD44E45-DFEA-4C9A-A8E2-80C4F95D382B}.Debug|x64.ActiveCfg = Debug|Any CPU
		{AFD44E45-DFEA-4C9A-A8E2-80C4F95D382B}.Debug|x64.Build.0 = Debug|Any CPU
		{AFD44E45-DFEA-4C9A-A8E2-80C4F95D382B}.Debug|x86.ActiveCfg = Debug|Any CPU
		{AFD44E45-DFEA-4C9A-A8E2-80C4F95D382B}.Debug|x86.Build.0 = Debug|Any CPU
		{AFD44E45-DFEA-4C9A-A8E2-80C4F95D382B}.Release|Any CPU.ActiveCfg = Release|Any CPU
		{AFD44E45-DFEA-4C9A-A8E2-80C4F95D382B}.Release|Any CPU.Build.0 = Release|Any CPU
		{AFD44E45-DFEA-4C9A-A8E2-80C4F95D382B}.Release|x64.ActiveCfg = Release|Any CPU
		{AFD44E45-DFEA-4C9A-A8E2-80C4F95D382B}.Release|x64.Build.0 = Release|Any CPU
		{AFD44E45-DFEA-4C9A-A8E2-80C4F95D382B}.Release|x86.ActiveCfg = Release|Any CPU
		{AFD44E45-DFEA-4C9A-A8E2-80C4F95D382B}.Release|x86.Build.0 = Release|Any CPU
		{810F7264-1ECB-42D3-8E03-4E572472B92D}.Debug|Any CPU.ActiveCfg = Debug|Any CPU
		{810F7264-1ECB-42D3-8E03-4E572472B92D}.Debug|Any CPU.Build.0 = Debug|Any CPU
		{810F7264-1ECB-42D3-8E03-4E572472B92D}.Debug|x64.ActiveCfg = Debug|Any CPU
		{810F7264-1ECB-42D3-8E03-4E572472B92D}.Debug|x64.Build.0 = Debug|Any CPU
		{810F7264-1ECB-42D3-8E03-4E572472B92D}.Debug|x86.ActiveCfg = Debug|Any CPU
		{810F7264-1ECB-42D3-8E03-4E572472B92D}.Debug|x86.Build.0 = Debug|Any CPU
		{810F7264-1ECB-42D3-8E03-4E572472B92D}.Release|Any CPU.ActiveCfg = Release|Any CPU
		{810F7264-1ECB-42D3-8E03-4E572472B92D}.Release|Any CPU.Build.0 = Release|Any CPU
		{810F7264-1ECB-42D3-8E03-4E572472B92D}.Release|x64.ActiveCfg = Release|Any CPU
		{810F7264-1ECB-42D3-8E03-4E572472B92D}.Release|x64.Build.0 = Release|Any CPU
		{810F7264-1ECB-42D3-8E03-4E572472B92D}.Release|x86.ActiveCfg = Release|Any CPU
		{810F7264-1ECB-42D3-8E03-4E572472B92D}.Release|x86.Build.0 = Release|Any CPU
	EndGlobalSection
	GlobalSection(SolutionProperties) = preSolution
		HideSolutionNode = FALSE
	EndGlobalSection
	GlobalSection(NestedProjects) = preSolution
		{672602F3-A0D0-40DA-AB60-3EF8D90D471D} = {320A5B70-0670-4CE3-9E15-3151C24D0D90}
		{8709FA3C-D37F-4145-8D8A-489174759CC8} = {77D2D526-6E24-4A4D-AF3F-5A9C80967293}
		{9285F19D-DB41-4D5E-B9B8-1364F4B65BF0} = {77D2D526-6E24-4A4D-AF3F-5A9C80967293}
		{5C62380A-37DF-426F-ABCC-F559656CE4C4} = {F161296C-C593-4C1F-B72A-51EDDEA80BCF}
		{C58BE2A6-244C-4FA2-9850-12B13DCD9D4A} = {F161296C-C593-4C1F-B72A-51EDDEA80BCF}
		{39A850D5-DDAC-4E7B-BE80-2374711BF3BB} = {E63504BE-8CA0-4145-8684-33352683C2D9}
		{DDCB82E3-79FE-4C2D-89B1-708C1D5229B9} = {BB34D7C2-6A6B-406A-8446-EF3A0B1B4065}
		{B44942D4-8180-4502-8B89-1416C25F131B} = {F161296C-C593-4C1F-B72A-51EDDEA80BCF}
		{079EBFB0-9224-46A0-B106-41C73B13103F} = {70BA9C34-7E8C-441C-9B90-2089D4E87541}
		{3D0016DB-2EDB-47FB-B491-94C21A706953} = {70BA9C34-7E8C-441C-9B90-2089D4E87541}
		{F73C2960-EEED-4694-B61A-D29A3ACB6023} = {DC3CD1CC-DEF7-4CB5-AA92-1CD2A2D0C278}
		{4FF12B46-E56F-4B77-A551-60D50B7B2E68} = {70BA9C34-7E8C-441C-9B90-2089D4E87541}
		{8332D1E5-85A0-427D-971D-21ACF6F4C36E} = {320A5B70-0670-4CE3-9E15-3151C24D0D90}
		{E58C0DE3-A3FF-4638-B483-682E63690FF9} = {77D2D526-6E24-4A4D-AF3F-5A9C80967293}
		{832FAD39-1CCF-49C8-944D-CDEFB00B5D79} = {E63504BE-8CA0-4145-8684-33352683C2D9}
		{FDA7B68C-59FD-4503-9307-25E536D27BB8} = {832FAD39-1CCF-49C8-944D-CDEFB00B5D79}
		{74EBC666-4D58-4D7D-A46E-859897D0CB31} = {832FAD39-1CCF-49C8-944D-CDEFB00B5D79}
		{37A8D417-B5EC-4685-A11E-EF9EDCBAEFCA} = {832FAD39-1CCF-49C8-944D-CDEFB00B5D79}
		{AFEDBA16-0D74-4EEE-9C3A-E6BBD18E294E} = {5F87DD4D-3AA3-4AB4-A0F6-89610D48BCAA}
		{ABF36CB3-4A6D-4A5B-B36F-C6C55A406C68} = {5F87DD4D-3AA3-4AB4-A0F6-89610D48BCAA}
		{78B6EF35-3FD9-456B-9B9C-82FCD9ED6157} = {04F560D3-1C82-451C-B923-CDC8A7A4C4E7}
		{052A87B0-5889-4C51-8C5C-F3A5D8037B64} = {5F87DD4D-3AA3-4AB4-A0F6-89610D48BCAA}
		{76BD7F42-FC85-4B4C-8F34-79B2E7AF95CB} = {04F560D3-1C82-451C-B923-CDC8A7A4C4E7}
		{DE4F8F00-0A25-4608-8E78-84919C69BD34} = {04F560D3-1C82-451C-B923-CDC8A7A4C4E7}
		{7D725947-F9AD-4BB1-8F8E-8F4173D37967} = {04F560D3-1C82-451C-B923-CDC8A7A4C4E7}
		{A05178ED-BFEB-45A3-8714-471AFCB69AA6} = {5F87DD4D-3AA3-4AB4-A0F6-89610D48BCAA}
		{2B2A86C6-F2EC-4B5A-853D-D0FD988407D5} = {04F560D3-1C82-451C-B923-CDC8A7A4C4E7}
		{475A422A-ED15-4F6B-80AE-E1D6D655A21C} = {2B2A86C6-F2EC-4B5A-853D-D0FD988407D5}
		{9CECDD1C-DADA-41C8-B763-EC19BE0FD6ED} = {5F87DD4D-3AA3-4AB4-A0F6-89610D48BCAA}
		{D9ED3B1C-BCA0-47A9-9014-3560A71E149D} = {04F560D3-1C82-451C-B923-CDC8A7A4C4E7}
		{AFD44E45-DFEA-4C9A-A8E2-80C4F95D382B} = {5F87DD4D-3AA3-4AB4-A0F6-89610D48BCAA}
		{4064C086-1F46-42E3-8232-F828DF9D2393} = {0C8AA3F0-856D-4CA4-88F7-6C2B751F1090}
		{8F87B820-2124-4DC8-B706-6ED161075F7E} = {5F87DD4D-3AA3-4AB4-A0F6-89610D48BCAA}
		{810F7264-1ECB-42D3-8E03-4E572472B92D} = {5F87DD4D-3AA3-4AB4-A0F6-89610D48BCAA}
	EndGlobalSection
	GlobalSection(ExtensibilityGlobals) = postSolution
		SolutionGuid = {9CFD34CC-D8C9-4E7E-8D3E-D09319D3E0E2}
	EndGlobalSection
EndGlobal
