
Microsoft Visual Studio Solution File, Format Version 12.00
# Visual Studio Version 16
VisualStudioVersion = 16.0.30104.148
MinimumVisualStudioVersion = 10.0.40219.1
Project("{9A19103F-16F7-4668-BE54-9A1E7A4F7556}") = "DesignPattern", "DesignPattern\DesignPattern.csproj", "{672602F3-A0D0-40DA-AB60-3EF8D90D471D}"
EndProject
Project("{9A19103F-16F7-4668-BE54-9A1E7A4F7556}") = "MultiThreading", "MultiThreading\MultiThreading.csproj", "{8709FA3C-D37F-4145-8D8A-489174759CC8}"
EndProject
Project("{2150E333-8FDC-42A3-9474-1A3956D46DE8}") = "DP", "DP", "{320A5B70-0670-4CE3-9E15-3151C24D0D90}"
EndProject
Project("{2150E333-8FDC-42A3-9474-1A3956D46DE8}") = "Threading", "Threading", "{77D2D526-6E24-4A4D-AF3F-5A9C80967293}"
EndProject
Project("{9A19103F-16F7-4668-BE54-9A1E7A4F7556}") = "Threading.Core", "Threading.Core\Threading.Core.csproj", "{9285F19D-DB41-4D5E-B9B8-1364F4B65BF0}"
EndProject
Project("{2150E333-8FDC-42A3-9474-1A3956D46DE8}") = "LeetCode", "LeetCode", "{F161296C-C593-4C1F-B72A-51EDDEA80BCF}"
EndProject
Project("{FAE04EC0-301F-11D3-BF4B-00C04F79EFBC}") = "LeetCodeConsole", "LeetCodeConsole\LeetCodeConsole.csproj", "{5C62380A-37DF-426F-ABCC-F559656CE4C4}"
EndProject
Project("{FAE04EC0-301F-11D3-BF4B-00C04F79EFBC}") = "LeetCode.Service", "LeetCode.Service\LeetCode.Service.csproj", "{C58BE2A6-244C-4FA2-9850-12B13DCD9D4A}"
EndProject
Project("{2150E333-8FDC-42A3-9474-1A3956D46DE8}") = "CSharp", "CSharp", "{E63504BE-8CA0-4145-8684-33352683C2D9}"
EndProject
Project("{FAE04EC0-301F-11D3-BF4B-00C04F79EFBC}") = "Lib1", "Lib1\Lib1.csproj", "{39A850D5-DDAC-4E7B-BE80-2374711BF3BB}"
EndProject
Project("{FAE04EC0-301F-11D3-BF4B-00C04F79EFBC}") = "MainConsole", "MainConsole\MainConsole.csproj", "{C8730357-D23A-4B95-9699-B76CF9A776D6}"
EndProject
Project("{2150E333-8FDC-42A3-9474-1A3956D46DE8}") = "API", "API", "{5F87DD4D-3AA3-4AB4-A0F6-89610D48BCAA}"
EndProject
Project("{2150E333-8FDC-42A3-9474-1A3956D46DE8}") = "WebApp", "WebApp", "{04F560D3-1C82-451C-B923-CDC8A7A4C4E7}"
EndProject
Project("{2150E333-8FDC-42A3-9474-1A3956D46DE8}") = "Messaging", "Messaging", "{70BA9C34-7E8C-441C-9B90-2089D4E87541}"
EndProject
Global
	GlobalSection(SolutionConfigurationPlatforms) = preSolution
		Debug|Any CPU = Debug|Any CPU
		Release|Any CPU = Release|Any CPU
	EndGlobalSection
	GlobalSection(ProjectConfigurationPlatforms) = postSolution
		{672602F3-A0D0-40DA-AB60-3EF8D90D471D}.Debug|Any CPU.ActiveCfg = Debug|Any CPU
		{672602F3-A0D0-40DA-AB60-3EF8D90D471D}.Debug|Any CPU.Build.0 = Debug|Any CPU
		{672602F3-A0D0-40DA-AB60-3EF8D90D471D}.Release|Any CPU.ActiveCfg = Release|Any CPU
		{672602F3-A0D0-40DA-AB60-3EF8D90D471D}.Release|Any CPU.Build.0 = Release|Any CPU
		{8709FA3C-D37F-4145-8D8A-489174759CC8}.Debug|Any CPU.ActiveCfg = Debug|Any CPU
		{8709FA3C-D37F-4145-8D8A-489174759CC8}.Debug|Any CPU.Build.0 = Debug|Any CPU
		{8709FA3C-D37F-4145-8D8A-489174759CC8}.Release|Any CPU.ActiveCfg = Release|Any CPU
		{8709FA3C-D37F-4145-8D8A-489174759CC8}.Release|Any CPU.Build.0 = Release|Any CPU
		{9285F19D-DB41-4D5E-B9B8-1364F4B65BF0}.Debug|Any CPU.ActiveCfg = Debug|Any CPU
		{9285F19D-DB41-4D5E-B9B8-1364F4B65BF0}.Debug|Any CPU.Build.0 = Debug|Any CPU
		{9285F19D-DB41-4D5E-B9B8-1364F4B65BF0}.Release|Any CPU.ActiveCfg = Release|Any CPU
		{9285F19D-DB41-4D5E-B9B8-1364F4B65BF0}.Release|Any CPU.Build.0 = Release|Any CPU
		{5C62380A-37DF-426F-ABCC-F559656CE4C4}.Debug|Any CPU.ActiveCfg = Debug|Any CPU
		{5C62380A-37DF-426F-ABCC-F559656CE4C4}.Debug|Any CPU.Build.0 = Debug|Any CPU
		{5C62380A-37DF-426F-ABCC-F559656CE4C4}.Release|Any CPU.ActiveCfg = Release|Any CPU
		{5C62380A-37DF-426F-ABCC-F559656CE4C4}.Release|Any CPU.Build.0 = Release|Any CPU
		{C58BE2A6-244C-4FA2-9850-12B13DCD9D4A}.Debug|Any CPU.ActiveCfg = Debug|Any CPU
		{C58BE2A6-244C-4FA2-9850-12B13DCD9D4A}.Debug|Any CPU.Build.0 = Debug|Any CPU
		{C58BE2A6-244C-4FA2-9850-12B13DCD9D4A}.Release|Any CPU.ActiveCfg = Release|Any CPU
		{C58BE2A6-244C-4FA2-9850-12B13DCD9D4A}.Release|Any CPU.Build.0 = Release|Any CPU
		{39A850D5-DDAC-4E7B-BE80-2374711BF3BB}.Debug|Any CPU.ActiveCfg = Debug|Any CPU
		{39A850D5-DDAC-4E7B-BE80-2374711BF3BB}.Debug|Any CPU.Build.0 = Debug|Any CPU
		{39A850D5-DDAC-4E7B-BE80-2374711BF3BB}.Release|Any CPU.ActiveCfg = Release|Any CPU
		{39A850D5-DDAC-4E7B-BE80-2374711BF3BB}.Release|Any CPU.Build.0 = Release|Any CPU
		{C8730357-D23A-4B95-9699-B76CF9A776D6}.Debug|Any CPU.ActiveCfg = Debug|Any CPU
		{C8730357-D23A-4B95-9699-B76CF9A776D6}.Debug|Any CPU.Build.0 = Debug|Any CPU
		{C8730357-D23A-4B95-9699-B76CF9A776D6}.Release|Any CPU.ActiveCfg = Release|Any CPU
		{C8730357-D23A-4B95-9699-B76CF9A776D6}.Release|Any CPU.Build.0 = Release|Any CPU
	EndGlobalSection
	GlobalSection(SolutionProperties) = preSolution
		HideSolutionNode = FALSE
	EndGlobalSection
	GlobalSection(NestedProjects) = preSolution
		{672602F3-A0D0-40DA-AB60-3EF8D90D471D} = {320A5B70-0670-4CE3-9E15-3151C24D0D90}
		{8709FA3C-D37F-4145-8D8A-489174759CC8} = {77D2D526-6E24-4A4D-AF3F-5A9C80967293}
		{9285F19D-DB41-4D5E-B9B8-1364F4B65BF0} = {77D2D526-6E24-4A4D-AF3F-5A9C80967293}
		{5C62380A-37DF-426F-ABCC-F559656CE4C4} = {F161296C-C593-4C1F-B72A-51EDDEA80BCF}
		{C58BE2A6-244C-4FA2-9850-12B13DCD9D4A} = {F161296C-C593-4C1F-B72A-51EDDEA80BCF}
		{39A850D5-DDAC-4E7B-BE80-2374711BF3BB} = {E63504BE-8CA0-4145-8684-33352683C2D9}
	EndGlobalSection
	GlobalSection(ExtensibilityGlobals) = postSolution
		SolutionGuid = {9CFD34CC-D8C9-4E7E-8D3E-D09319D3E0E2}
	EndGlobalSection
EndGlobal
